
Microsoft Visual Studio Solution File, Format Version 12.00
# Visual Studio Version 16
VisualStudioVersion = 16.0.31424.327
MinimumVisualStudioVersion = 10.0.40219.1
Project("{9A19103F-16F7-4668-BE54-9A1E7A4F7556}") = "HITUOISR.Toolkit.PluginBase", "HITUOISR.Toolkit.PluginBase\HITUOISR.Toolkit.PluginBase.csproj", "{56F6A4E1-157C-45BA-A0A1-0A530205088A}"
EndProject
Project("{9A19103F-16F7-4668-BE54-9A1E7A4F7556}") = "HITUOISR.Toolkit.Settings.Abstraction", "HITUOISR.Toolkit.Settings.Abstraction\HITUOISR.Toolkit.Settings.Abstraction.csproj", "{8664C0AC-1A3A-49A3-827F-E575D1A0C34A}"
EndProject
Project("{9A19103F-16F7-4668-BE54-9A1E7A4F7556}") = "HITUOISR.Toolkit.XunitExtension", "HITUOISR.Toolkit.XunitExtension\HITUOISR.Toolkit.XunitExtension.csproj", "{8E841EE4-A9A1-4ED8-ABD3-6DCEFE27A637}"
EndProject
Project("{9A19103F-16F7-4668-BE54-9A1E7A4F7556}") = "HITUOISR.Toolkit.Common", "HITUOISR.Toolkit.Common\HITUOISR.Toolkit.Common.csproj", "{7AF7A06A-F467-45E7-A727-561A4F71DA21}"
EndProject
Project("{9A19103F-16F7-4668-BE54-9A1E7A4F7556}") = "HITUOISR.Toolkit.Settings", "HITUOISR.Toolkit.Settings\HITUOISR.Toolkit.Settings.csproj", "{0C705FA8-DFCB-4044-AE9C-0B405153704B}"
EndProject
Project("{9A19103F-16F7-4668-BE54-9A1E7A4F7556}") = "HITUOISR.Toolkit.Settings.FileBase", "HITUOISR.Toolkit.Settings.FileBase\HITUOISR.Toolkit.Settings.FileBase.csproj", "{D46DA624-C34F-40D9-B892-8D54C612FFA7}"
EndProject
Project("{9A19103F-16F7-4668-BE54-9A1E7A4F7556}") = "HITUOISR.Toolkit.Settings.Json", "HITUOISR.Toolkit.Settings.Json\HITUOISR.Toolkit.Settings.Json.csproj", "{40791C59-BDBF-41D0-8DE7-62B832C57254}"
EndProject
Project("{9A19103F-16F7-4668-BE54-9A1E7A4F7556}") = "HITUOISR.Toolkit.Settings.Model", "HITUOISR.Toolkit.Settings.Model\HITUOISR.Toolkit.Settings.Model.csproj", "{6ECEA8F9-D4DF-4E78-B35B-C57E0539478B}"
EndProject
Project("{9A19103F-16F7-4668-BE54-9A1E7A4F7556}") = "HITUOISR.Toolkit.SimpleHost", "HITUOISR.Toolkit.SimpleHost\HITUOISR.Toolkit.SimpleHost.csproj", "{82AB505C-7211-40B8-8997-EFF7EF6498DB}"
EndProject
Project("{2150E333-8FDC-42A3-9474-1A3956D46DE8}") = "Solution Items", "Solution Items", "{0FE98EE3-B183-47FE-8A2F-9EAD55E48730}"
	ProjectSection(SolutionItems) = preProject
		.editorconfig = .editorconfig
	EndProjectSection
EndProject
Project("{9A19103F-16F7-4668-BE54-9A1E7A4F7556}") = "HITUOISR.Toolkit.Common.Tests", "HITUOISR.Toolkit.Common.Tests\HITUOISR.Toolkit.Common.Tests.csproj", "{47696CC5-25B9-456E-917A-A76857431D6D}"
EndProject
Project("{9A19103F-16F7-4668-BE54-9A1E7A4F7556}") = "HITUOISR.Toolkit.Settings.Tests", "HITUOISR.Toolkit.Settings.Tests\HITUOISR.Toolkit.Settings.Tests.csproj", "{11CAE01C-0E3C-4563-A941-5DE2532DAA5E}"
EndProject
Project("{9A19103F-16F7-4668-BE54-9A1E7A4F7556}") = "HITUOISR.Toolkit.Settings.Model.Tests", "HITUOISR.Toolkit.Settings.Model.Tests\HITUOISR.Toolkit.Settings.Model.Tests.csproj", "{4FE86C91-A1A6-42A0-AAB4-237A02FDB2CB}"
EndProject
Project("{FAE04EC0-301F-11D3-BF4B-00C04F79EFBC}") = "HITUOISR.Toolkit.Settings.Json.Tests", "HITUOISR.Toolkit.Settings.Json.Tests\HITUOISR.Toolkit.Settings.Json.Tests.csproj", "{35306AB5-1CD9-44B8-A4BF-C523FF0CBBD2}"
EndProject
Global
	GlobalSection(SolutionConfigurationPlatforms) = preSolution
		Debug|Any CPU = Debug|Any CPU
		Release|Any CPU = Release|Any CPU
	EndGlobalSection
	GlobalSection(ProjectConfigurationPlatforms) = postSolution
		{56F6A4E1-157C-45BA-A0A1-0A530205088A}.Debug|Any CPU.ActiveCfg = Debug|Any CPU
		{56F6A4E1-157C-45BA-A0A1-0A530205088A}.Debug|Any CPU.Build.0 = Debug|Any CPU
		{56F6A4E1-157C-45BA-A0A1-0A530205088A}.Release|Any CPU.ActiveCfg = Release|Any CPU
		{56F6A4E1-157C-45BA-A0A1-0A530205088A}.Release|Any CPU.Build.0 = Release|Any CPU
		{8664C0AC-1A3A-49A3-827F-E575D1A0C34A}.Debug|Any CPU.ActiveCfg = Debug|Any CPU
		{8664C0AC-1A3A-49A3-827F-E575D1A0C34A}.Debug|Any CPU.Build.0 = Debug|Any CPU
		{8664C0AC-1A3A-49A3-827F-E575D1A0C34A}.Release|Any CPU.ActiveCfg = Release|Any CPU
		{8664C0AC-1A3A-49A3-827F-E575D1A0C34A}.Release|Any CPU.Build.0 = Release|Any CPU
		{8E841EE4-A9A1-4ED8-ABD3-6DCEFE27A637}.Debug|Any CPU.ActiveCfg = Debug|Any CPU
		{8E841EE4-A9A1-4ED8-ABD3-6DCEFE27A637}.Debug|Any CPU.Build.0 = Debug|Any CPU
		{8E841EE4-A9A1-4ED8-ABD3-6DCEFE27A637}.Release|Any CPU.ActiveCfg = Release|Any CPU
		{8E841EE4-A9A1-4ED8-ABD3-6DCEFE27A637}.Release|Any CPU.Build.0 = Release|Any CPU
		{7AF7A06A-F467-45E7-A727-561A4F71DA21}.Debug|Any CPU.ActiveCfg = Debug|Any CPU
		{7AF7A06A-F467-45E7-A727-561A4F71DA21}.Debug|Any CPU.Build.0 = Debug|Any CPU
		{7AF7A06A-F467-45E7-A727-561A4F71DA21}.Release|Any CPU.ActiveCfg = Release|Any CPU
		{7AF7A06A-F467-45E7-A727-561A4F71DA21}.Release|Any CPU.Build.0 = Release|Any CPU
		{0C705FA8-DFCB-4044-AE9C-0B405153704B}.Debug|Any CPU.ActiveCfg = Debug|Any CPU
		{0C705FA8-DFCB-4044-AE9C-0B405153704B}.Debug|Any CPU.Build.0 = Debug|Any CPU
		{0C705FA8-DFCB-4044-AE9C-0B405153704B}.Release|Any CPU.ActiveCfg = Release|Any CPU
		{0C705FA8-DFCB-4044-AE9C-0B405153704B}.Release|Any CPU.Build.0 = Release|Any CPU
		{D46DA624-C34F-40D9-B892-8D54C612FFA7}.Debug|Any CPU.ActiveCfg = Debug|Any CPU
		{D46DA624-C34F-40D9-B892-8D54C612FFA7}.Debug|Any CPU.Build.0 = Debug|Any CPU
		{D46DA624-C34F-40D9-B892-8D54C612FFA7}.Release|Any CPU.ActiveCfg = Release|Any CPU
		{D46DA624-C34F-40D9-B892-8D54C612FFA7}.Release|Any CPU.Build.0 = Release|Any CPU
		{40791C59-BDBF-41D0-8DE7-62B832C57254}.Debug|Any CPU.ActiveCfg = Debug|Any CPU
		{40791C59-BDBF-41D0-8DE7-62B832C57254}.Debug|Any CPU.Build.0 = Debug|Any CPU
		{40791C59-BDBF-41D0-8DE7-62B832C57254}.Release|Any CPU.ActiveCfg = Release|Any CPU
		{40791C59-BDBF-41D0-8DE7-62B832C57254}.Release|Any CPU.Build.0 = Release|Any CPU
		{6ECEA8F9-D4DF-4E78-B35B-C57E0539478B}.Debug|Any CPU.ActiveCfg = Debug|Any CPU
		{6ECEA8F9-D4DF-4E78-B35B-C57E0539478B}.Debug|Any CPU.Build.0 = Debug|Any CPU
		{6ECEA8F9-D4DF-4E78-B35B-C57E0539478B}.Release|Any CPU.ActiveCfg = Release|Any CPU
		{6ECEA8F9-D4DF-4E78-B35B-C57E0539478B}.Release|Any CPU.Build.0 = Release|Any CPU
		{82AB505C-7211-40B8-8997-EFF7EF6498DB}.Debug|Any CPU.ActiveCfg = Debug|Any CPU
		{82AB505C-7211-40B8-8997-EFF7EF6498DB}.Debug|Any CPU.Build.0 = Debug|Any CPU
		{82AB505C-7211-40B8-8997-EFF7EF6498DB}.Release|Any CPU.ActiveCfg = Release|Any CPU
		{82AB505C-7211-40B8-8997-EFF7EF6498DB}.Release|Any CPU.Build.0 = Release|Any CPU
		{47696CC5-25B9-456E-917A-A76857431D6D}.Debug|Any CPU.ActiveCfg = Debug|Any CPU
		{47696CC5-25B9-456E-917A-A76857431D6D}.Debug|Any CPU.Build.0 = Debug|Any CPU
		{47696CC5-25B9-456E-917A-A76857431D6D}.Release|Any CPU.ActiveCfg = Release|Any CPU
		{47696CC5-25B9-456E-917A-A76857431D6D}.Release|Any CPU.Build.0 = Release|Any CPU
		{11CAE01C-0E3C-4563-A941-5DE2532DAA5E}.Debug|Any CPU.ActiveCfg = Debug|Any CPU
		{11CAE01C-0E3C-4563-A941-5DE2532DAA5E}.Debug|Any CPU.Build.0 = Debug|Any CPU
		{11CAE01C-0E3C-4563-A941-5DE2532DAA5E}.Release|Any CPU.ActiveCfg = Release|Any CPU
		{11CAE01C-0E3C-4563-A941-5DE2532DAA5E}.Release|Any CPU.Build.0 = Release|Any CPU
		{4FE86C91-A1A6-42A0-AAB4-237A02FDB2CB}.Debug|Any CPU.ActiveCfg = Debug|Any CPU
		{4FE86C91-A1A6-42A0-AAB4-237A02FDB2CB}.Debug|Any CPU.Build.0 = Debug|Any CPU
		{4FE86C91-A1A6-42A0-AAB4-237A02FDB2CB}.Release|Any CPU.ActiveCfg = Release|Any CPU
		{4FE86C91-A1A6-42A0-AAB4-237A02FDB2CB}.Release|Any CPU.Build.0 = Release|Any CPU
		{35306AB5-1CD9-44B8-A4BF-C523FF0CBBD2}.Debug|Any CPU.ActiveCfg = Debug|Any CPU
		{35306AB5-1CD9-44B8-A4BF-C523FF0CBBD2}.Debug|Any CPU.Build.0 = Debug|Any CPU
		{35306AB5-1CD9-44B8-A4BF-C523FF0CBBD2}.Release|Any CPU.ActiveCfg = Release|Any CPU
		{35306AB5-1CD9-44B8-A4BF-C523FF0CBBD2}.Release|Any CPU.Build.0 = Release|Any CPU
	EndGlobalSection
	GlobalSection(SolutionProperties) = preSolution
		HideSolutionNode = FALSE
	EndGlobalSection
	GlobalSection(ExtensibilityGlobals) = postSolution
		SolutionGuid = {5C36CBDB-0EB5-4713-BD90-258C4918328C}
	EndGlobalSection
EndGlobal
