
Microsoft Visual Studio Solution File, Format Version 12.00
# Visual Studio Version 16
VisualStudioVersion = 16.0.31424.327
MinimumVisualStudioVersion = 10.0.40219.1
Project("{2150E333-8FDC-42A3-9474-1A3956D46DE8}") = "Solution Items", "Solution Items", "{0FE98EE3-B183-47FE-8A2F-9EAD55E48730}"
	ProjectSection(SolutionItems) = preProject
		.editorconfig = .editorconfig
	EndProjectSection
EndProject
Project("{2150E333-8FDC-42A3-9474-1A3956D46DE8}") = "HITUOISR.Toolkit.Common", "HITUOISR.Toolkit.Common", "{65D47B7D-F2DA-4970-8250-5B97CD016735}"
EndProject
Project("{FAE04EC0-301F-11D3-BF4B-00C04F79EFBC}") = "HITUOISR.Toolkit.Common", "HITUOISR.Toolkit.Common\src\HITUOISR.Toolkit.Common.csproj", "{0E8EB1D8-5B15-4AA1-BFFA-C952A219036A}"
EndProject
Project("{FAE04EC0-301F-11D3-BF4B-00C04F79EFBC}") = "HITUOISR.Toolkit.Common.Tests", "HITUOISR.Toolkit.Common\tests\HITUOISR.Toolkit.Common.Tests.csproj", "{B2A38ABC-30E6-49E4-9634-B56E528A04DE}"
EndProject
Project("{2150E333-8FDC-42A3-9474-1A3956D46DE8}") = "HITUOISR.Toolkit.XunitExtension", "HITUOISR.Toolkit.XunitExtension", "{FD75A616-C951-4C5B-A227-2A5381AD0B56}"
EndProject
Project("{FAE04EC0-301F-11D3-BF4B-00C04F79EFBC}") = "HITUOISR.Toolkit.XunitExtension", "HITUOISR.Toolkit.XunitExtension\src\HITUOISR.Toolkit.XunitExtension.csproj", "{BD8EACF5-3376-4BE8-AD6B-3222453A19E4}"
EndProject
Project("{FAE04EC0-301F-11D3-BF4B-00C04F79EFBC}") = "HITUOISR.Toolkit.XunitExtension.Tests", "HITUOISR.Toolkit.XunitExtension\tests\HITUOISR.Toolkit.XunitExtension.Tests.csproj", "{C0086478-ACE5-4688-AA86-BA14FC20E7A0}"
EndProject
Project("{2150E333-8FDC-42A3-9474-1A3956D46DE8}") = "HITUOISR.Toolkit.Settings.Abstraction", "HITUOISR.Toolkit.Settings.Abstraction", "{79056FBA-06D6-4982-98BA-3562B3BABBA2}"
EndProject
Project("{FAE04EC0-301F-11D3-BF4B-00C04F79EFBC}") = "HITUOISR.Toolkit.Settings.Abstraction", "HITUOISR.Toolkit.Settings.Abstraction\src\HITUOISR.Toolkit.Settings.Abstraction.csproj", "{F4A0AC1E-4194-41EC-B5FF-908B9FB1397C}"
EndProject
Project("{2150E333-8FDC-42A3-9474-1A3956D46DE8}") = "HITUOISR.Toolkit.PluginBase", "HITUOISR.Toolkit.PluginBase", "{62FBE9B5-0F86-4635-A76A-D4BECD9178E7}"
EndProject
Project("{FAE04EC0-301F-11D3-BF4B-00C04F79EFBC}") = "HITUOISR.Toolkit.PluginBase", "HITUOISR.Toolkit.PluginBase\src\HITUOISR.Toolkit.PluginBase.csproj", "{750D1034-0AA8-49E3-B300-F85C55730771}"
EndProject
Project("{2150E333-8FDC-42A3-9474-1A3956D46DE8}") = "HITUOISR.Toolkit.Settings", "HITUOISR.Toolkit.Settings", "{BD243F00-D5B2-41F6-8B78-BE4FC8A37BA3}"
EndProject
Project("{FAE04EC0-301F-11D3-BF4B-00C04F79EFBC}") = "HITUOISR.Toolkit.Settings", "HITUOISR.Toolkit.Settings\src\HITUOISR.Toolkit.Settings.csproj", "{A370BF73-B803-4874-A27A-B8B9414A7E2C}"
EndProject
Project("{FAE04EC0-301F-11D3-BF4B-00C04F79EFBC}") = "HITUOISR.Toolkit.Settings.Tests", "HITUOISR.Toolkit.Settings\tests\HITUOISR.Toolkit.Settings.Tests.csproj", "{FE54693E-E1C1-4CEA-9399-4187B8C9E92A}"
EndProject
Project("{2150E333-8FDC-42A3-9474-1A3956D46DE8}") = "HITUOISR.Toolkit.Settings.Model", "HITUOISR.Toolkit.Settings.Model", "{FA8EB3D5-01C6-4959-B8B4-1454C63AD867}"
EndProject
Project("{FAE04EC0-301F-11D3-BF4B-00C04F79EFBC}") = "HITUOISR.Toolkit.Settings.Model", "HITUOISR.Toolkit.Settings.Model\src\HITUOISR.Toolkit.Settings.Model.csproj", "{69C19E41-6629-440C-95CA-380CF34E9DF8}"
EndProject
Project("{FAE04EC0-301F-11D3-BF4B-00C04F79EFBC}") = "HITUOISR.Toolkit.Settings.Model.Tests", "HITUOISR.Toolkit.Settings.Model\tests\HITUOISR.Toolkit.Settings.Model.Tests.csproj", "{5E436330-CEE5-4B9A-BD86-60C2FADABFA4}"
EndProject
Project("{2150E333-8FDC-42A3-9474-1A3956D46DE8}") = "HITUOISR.Toolkit.Settings.FileBase", "HITUOISR.Toolkit.Settings.FileBase", "{50D60A79-226E-44D8-BB79-2673B5B8A707}"
EndProject
Project("{FAE04EC0-301F-11D3-BF4B-00C04F79EFBC}") = "HITUOISR.Toolkit.Settings.FileBase", "HITUOISR.Toolkit.Settings.FileBase\src\HITUOISR.Toolkit.Settings.FileBase.csproj", "{77A70DCD-6A46-4358-99C0-425B0663B6AC}"
EndProject
Project("{2150E333-8FDC-42A3-9474-1A3956D46DE8}") = "HITUOISR.Toolkit.Settings.Json", "HITUOISR.Toolkit.Settings.Json", "{9D258404-76BF-4572-BB56-C0FC9A345711}"
EndProject
Project("{FAE04EC0-301F-11D3-BF4B-00C04F79EFBC}") = "HITUOISR.Toolkit.Settings.Json", "HITUOISR.Toolkit.Settings.Json\src\HITUOISR.Toolkit.Settings.Json.csproj", "{A9C3C9D5-9F97-4DD4-A24B-F65DB1E1B20F}"
EndProject
Project("{FAE04EC0-301F-11D3-BF4B-00C04F79EFBC}") = "HITUOISR.Toolkit.Settings.Json.Tests", "HITUOISR.Toolkit.Settings.Json\tests\HITUOISR.Toolkit.Settings.Json.Tests.csproj", "{BEA84F0C-DF5B-4E89-8A15-1DCCD708CFC8}"
EndProject
Project("{2150E333-8FDC-42A3-9474-1A3956D46DE8}") = "HITUOISR.Toolkit.SimpleHost", "HITUOISR.Toolkit.SimpleHost", "{14089853-6EAC-4D97-B758-8E7215A817C4}"
EndProject
Project("{FAE04EC0-301F-11D3-BF4B-00C04F79EFBC}") = "HITUOISR.Toolkit.SimpleHost", "HITUOISR.Toolkit.SimpleHost\src\HITUOISR.Toolkit.SimpleHost.csproj", "{835B1077-DE81-400A-9FEA-04639BA3229F}"
EndProject
Project("{FAE04EC0-301F-11D3-BF4B-00C04F79EFBC}") = "HITUOISR.Toolkit.SimpleHost.Tests", "HITUOISR.Toolkit.SimpleHost\tests\HITUOISR.Toolkit.SimpleHost.Tests.csproj", "{C71B5DFC-6544-4509-B53E-D287853EC1AC}"
EndProject
Project("{2150E333-8FDC-42A3-9474-1A3956D46DE8}") = "HITUOISR.Toolkit.Maths", "HITUOISR.Toolkit.Maths", "{204F41FF-69C6-4C52-966A-D3A4D3D5284A}"
EndProject
Project("{FAE04EC0-301F-11D3-BF4B-00C04F79EFBC}") = "HITUOISR.Toolkit.Maths", "HITUOISR.Toolkit.Maths\src\HITUOISR.Toolkit.Maths.csproj", "{8BD34FD8-E673-4639-8CD1-995FBABD3E26}"
EndProject
Project("{FAE04EC0-301F-11D3-BF4B-00C04F79EFBC}") = "HITUOISR.Toolkit.Maths.Tests", "HITUOISR.Toolkit.Maths\tests\HITUOISR.Toolkit.Maths.Tests.csproj", "{EDA5F33C-0F15-4234-B567-27BCECC49B0C}"
EndProject
Global
	GlobalSection(SolutionConfigurationPlatforms) = preSolution
		Debug|Any CPU = Debug|Any CPU
		Release|Any CPU = Release|Any CPU
	EndGlobalSection
	GlobalSection(ProjectConfigurationPlatforms) = postSolution
		{0E8EB1D8-5B15-4AA1-BFFA-C952A219036A}.Debug|Any CPU.ActiveCfg = Debug|Any CPU
		{0E8EB1D8-5B15-4AA1-BFFA-C952A219036A}.Debug|Any CPU.Build.0 = Debug|Any CPU
		{0E8EB1D8-5B15-4AA1-BFFA-C952A219036A}.Release|Any CPU.ActiveCfg = Release|Any CPU
		{0E8EB1D8-5B15-4AA1-BFFA-C952A219036A}.Release|Any CPU.Build.0 = Release|Any CPU
		{B2A38ABC-30E6-49E4-9634-B56E528A04DE}.Debug|Any CPU.ActiveCfg = Debug|Any CPU
		{B2A38ABC-30E6-49E4-9634-B56E528A04DE}.Debug|Any CPU.Build.0 = Debug|Any CPU
		{B2A38ABC-30E6-49E4-9634-B56E528A04DE}.Release|Any CPU.ActiveCfg = Release|Any CPU
		{B2A38ABC-30E6-49E4-9634-B56E528A04DE}.Release|Any CPU.Build.0 = Release|Any CPU
		{BD8EACF5-3376-4BE8-AD6B-3222453A19E4}.Debug|Any CPU.ActiveCfg = Debug|Any CPU
		{BD8EACF5-3376-4BE8-AD6B-3222453A19E4}.Debug|Any CPU.Build.0 = Debug|Any CPU
		{BD8EACF5-3376-4BE8-AD6B-3222453A19E4}.Release|Any CPU.ActiveCfg = Release|Any CPU
		{BD8EACF5-3376-4BE8-AD6B-3222453A19E4}.Release|Any CPU.Build.0 = Release|Any CPU
		{C0086478-ACE5-4688-AA86-BA14FC20E7A0}.Debug|Any CPU.ActiveCfg = Debug|Any CPU
		{C0086478-ACE5-4688-AA86-BA14FC20E7A0}.Debug|Any CPU.Build.0 = Debug|Any CPU
		{C0086478-ACE5-4688-AA86-BA14FC20E7A0}.Release|Any CPU.ActiveCfg = Release|Any CPU
		{C0086478-ACE5-4688-AA86-BA14FC20E7A0}.Release|Any CPU.Build.0 = Release|Any CPU
		{F4A0AC1E-4194-41EC-B5FF-908B9FB1397C}.Debug|Any CPU.ActiveCfg = Debug|Any CPU
		{F4A0AC1E-4194-41EC-B5FF-908B9FB1397C}.Debug|Any CPU.Build.0 = Debug|Any CPU
		{F4A0AC1E-4194-41EC-B5FF-908B9FB1397C}.Release|Any CPU.ActiveCfg = Release|Any CPU
		{F4A0AC1E-4194-41EC-B5FF-908B9FB1397C}.Release|Any CPU.Build.0 = Release|Any CPU
		{750D1034-0AA8-49E3-B300-F85C55730771}.Debug|Any CPU.ActiveCfg = Debug|Any CPU
		{750D1034-0AA8-49E3-B300-F85C55730771}.Debug|Any CPU.Build.0 = Debug|Any CPU
		{750D1034-0AA8-49E3-B300-F85C55730771}.Release|Any CPU.ActiveCfg = Release|Any CPU
		{750D1034-0AA8-49E3-B300-F85C55730771}.Release|Any CPU.Build.0 = Release|Any CPU
		{A370BF73-B803-4874-A27A-B8B9414A7E2C}.Debug|Any CPU.ActiveCfg = Debug|Any CPU
		{A370BF73-B803-4874-A27A-B8B9414A7E2C}.Debug|Any CPU.Build.0 = Debug|Any CPU
		{A370BF73-B803-4874-A27A-B8B9414A7E2C}.Release|Any CPU.ActiveCfg = Release|Any CPU
		{A370BF73-B803-4874-A27A-B8B9414A7E2C}.Release|Any CPU.Build.0 = Release|Any CPU
		{FE54693E-E1C1-4CEA-9399-4187B8C9E92A}.Debug|Any CPU.ActiveCfg = Debug|Any CPU
		{FE54693E-E1C1-4CEA-9399-4187B8C9E92A}.Debug|Any CPU.Build.0 = Debug|Any CPU
		{FE54693E-E1C1-4CEA-9399-4187B8C9E92A}.Release|Any CPU.ActiveCfg = Release|Any CPU
		{FE54693E-E1C1-4CEA-9399-4187B8C9E92A}.Release|Any CPU.Build.0 = Release|Any CPU
		{69C19E41-6629-440C-95CA-380CF34E9DF8}.Debug|Any CPU.ActiveCfg = Debug|Any CPU
		{69C19E41-6629-440C-95CA-380CF34E9DF8}.Debug|Any CPU.Build.0 = Debug|Any CPU
		{69C19E41-6629-440C-95CA-380CF34E9DF8}.Release|Any CPU.ActiveCfg = Release|Any CPU
		{69C19E41-6629-440C-95CA-380CF34E9DF8}.Release|Any CPU.Build.0 = Release|Any CPU
		{5E436330-CEE5-4B9A-BD86-60C2FADABFA4}.Debug|Any CPU.ActiveCfg = Debug|Any CPU
		{5E436330-CEE5-4B9A-BD86-60C2FADABFA4}.Debug|Any CPU.Build.0 = Debug|Any CPU
		{5E436330-CEE5-4B9A-BD86-60C2FADABFA4}.Release|Any CPU.ActiveCfg = Release|Any CPU
		{5E436330-CEE5-4B9A-BD86-60C2FADABFA4}.Release|Any CPU.Build.0 = Release|Any CPU
		{77A70DCD-6A46-4358-99C0-425B0663B6AC}.Debug|Any CPU.ActiveCfg = Debug|Any CPU
		{77A70DCD-6A46-4358-99C0-425B0663B6AC}.Debug|Any CPU.Build.0 = Debug|Any CPU
		{77A70DCD-6A46-4358-99C0-425B0663B6AC}.Release|Any CPU.ActiveCfg = Release|Any CPU
		{77A70DCD-6A46-4358-99C0-425B0663B6AC}.Release|Any CPU.Build.0 = Release|Any CPU
		{A9C3C9D5-9F97-4DD4-A24B-F65DB1E1B20F}.Debug|Any CPU.ActiveCfg = Debug|Any CPU
		{A9C3C9D5-9F97-4DD4-A24B-F65DB1E1B20F}.Debug|Any CPU.Build.0 = Debug|Any CPU
		{A9C3C9D5-9F97-4DD4-A24B-F65DB1E1B20F}.Release|Any CPU.ActiveCfg = Release|Any CPU
		{A9C3C9D5-9F97-4DD4-A24B-F65DB1E1B20F}.Release|Any CPU.Build.0 = Release|Any CPU
		{BEA84F0C-DF5B-4E89-8A15-1DCCD708CFC8}.Debug|Any CPU.ActiveCfg = Debug|Any CPU
		{BEA84F0C-DF5B-4E89-8A15-1DCCD708CFC8}.Debug|Any CPU.Build.0 = Debug|Any CPU
		{BEA84F0C-DF5B-4E89-8A15-1DCCD708CFC8}.Release|Any CPU.ActiveCfg = Release|Any CPU
		{BEA84F0C-DF5B-4E89-8A15-1DCCD708CFC8}.Release|Any CPU.Build.0 = Release|Any CPU
		{835B1077-DE81-400A-9FEA-04639BA3229F}.Debug|Any CPU.ActiveCfg = Debug|Any CPU
		{835B1077-DE81-400A-9FEA-04639BA3229F}.Debug|Any CPU.Build.0 = Debug|Any CPU
		{835B1077-DE81-400A-9FEA-04639BA3229F}.Release|Any CPU.ActiveCfg = Release|Any CPU
		{835B1077-DE81-400A-9FEA-04639BA3229F}.Release|Any CPU.Build.0 = Release|Any CPU
		{C71B5DFC-6544-4509-B53E-D287853EC1AC}.Debug|Any CPU.ActiveCfg = Debug|Any CPU
		{C71B5DFC-6544-4509-B53E-D287853EC1AC}.Debug|Any CPU.Build.0 = Debug|Any CPU
		{C71B5DFC-6544-4509-B53E-D287853EC1AC}.Release|Any CPU.ActiveCfg = Release|Any CPU
		{C71B5DFC-6544-4509-B53E-D287853EC1AC}.Release|Any CPU.Build.0 = Release|Any CPU
		{8BD34FD8-E673-4639-8CD1-995FBABD3E26}.Debug|Any CPU.ActiveCfg = Debug|Any CPU
		{8BD34FD8-E673-4639-8CD1-995FBABD3E26}.Debug|Any CPU.Build.0 = Debug|Any CPU
		{8BD34FD8-E673-4639-8CD1-995FBABD3E26}.Release|Any CPU.ActiveCfg = Release|Any CPU
		{8BD34FD8-E673-4639-8CD1-995FBABD3E26}.Release|Any CPU.Build.0 = Release|Any CPU
		{EDA5F33C-0F15-4234-B567-27BCECC49B0C}.Debug|Any CPU.ActiveCfg = Debug|Any CPU
		{EDA5F33C-0F15-4234-B567-27BCECC49B0C}.Debug|Any CPU.Build.0 = Debug|Any CPU
		{EDA5F33C-0F15-4234-B567-27BCECC49B0C}.Release|Any CPU.ActiveCfg = Release|Any CPU
		{EDA5F33C-0F15-4234-B567-27BCECC49B0C}.Release|Any CPU.Build.0 = Release|Any CPU
	EndGlobalSection
	GlobalSection(SolutionProperties) = preSolution
		HideSolutionNode = FALSE
	EndGlobalSection
	GlobalSection(ExtensibilityGlobals) = postSolution
		SolutionGuid = {5C36CBDB-0EB5-4713-BD90-258C4918328C}
	EndGlobalSection
	GlobalSection(NestedProjects) = preSolution
		{0E8EB1D8-5B15-4AA1-BFFA-C952A219036A} = {65D47B7D-F2DA-4970-8250-5B97CD016735}
		{B2A38ABC-30E6-49E4-9634-B56E528A04DE} = {65D47B7D-F2DA-4970-8250-5B97CD016735}
		{BD8EACF5-3376-4BE8-AD6B-3222453A19E4} = {FD75A616-C951-4C5B-A227-2A5381AD0B56}
		{C0086478-ACE5-4688-AA86-BA14FC20E7A0} = {FD75A616-C951-4C5B-A227-2A5381AD0B56}
		{F4A0AC1E-4194-41EC-B5FF-908B9FB1397C} = {79056FBA-06D6-4982-98BA-3562B3BABBA2}
		{750D1034-0AA8-49E3-B300-F85C55730771} = {62FBE9B5-0F86-4635-A76A-D4BECD9178E7}
		{A370BF73-B803-4874-A27A-B8B9414A7E2C} = {BD243F00-D5B2-41F6-8B78-BE4FC8A37BA3}
		{FE54693E-E1C1-4CEA-9399-4187B8C9E92A} = {BD243F00-D5B2-41F6-8B78-BE4FC8A37BA3}
		{69C19E41-6629-440C-95CA-380CF34E9DF8} = {FA8EB3D5-01C6-4959-B8B4-1454C63AD867}
		{5E436330-CEE5-4B9A-BD86-60C2FADABFA4} = {FA8EB3D5-01C6-4959-B8B4-1454C63AD867}
		{77A70DCD-6A46-4358-99C0-425B0663B6AC} = {50D60A79-226E-44D8-BB79-2673B5B8A707}
		{A9C3C9D5-9F97-4DD4-A24B-F65DB1E1B20F} = {9D258404-76BF-4572-BB56-C0FC9A345711}
		{BEA84F0C-DF5B-4E89-8A15-1DCCD708CFC8} = {9D258404-76BF-4572-BB56-C0FC9A345711}
		{835B1077-DE81-400A-9FEA-04639BA3229F} = {14089853-6EAC-4D97-B758-8E7215A817C4}
		{C71B5DFC-6544-4509-B53E-D287853EC1AC} = {14089853-6EAC-4D97-B758-8E7215A817C4}
		{8BD34FD8-E673-4639-8CD1-995FBABD3E26} = {204F41FF-69C6-4C52-966A-D3A4D3D5284A}
		{EDA5F33C-0F15-4234-B567-27BCECC49B0C} = {204F41FF-69C6-4C52-966A-D3A4D3D5284A}
	EndGlobalSection
EndGlobal
